// !$*UTF8*$!
{
	archiveVersion = 1;
	classes = {
	};
	objectVersion = 46;
	objects = {

/* Begin PBXBuildFile section */
		F09E15F31369A24500242A3B /* UIKit.framework in Frameworks */ = {isa = PBXBuildFile; fileRef = F09E15F21369A24500242A3B /* UIKit.framework */; };
		F09E15F51369A24500242A3B /* Foundation.framework in Frameworks */ = {isa = PBXBuildFile; fileRef = F09E15F41369A24500242A3B /* Foundation.framework */; };
		F09E15F71369A24500242A3B /* CoreGraphics.framework in Frameworks */ = {isa = PBXBuildFile; fileRef = F09E15F61369A24500242A3B /* CoreGraphics.framework */; };
		F09E15FD1369A24500242A3B /* InfoPlist.strings in Resources */ = {isa = PBXBuildFile; fileRef = F09E15FB1369A24500242A3B /* InfoPlist.strings */; };
		F09E16001369A24500242A3B /* main.m in Sources */ = {isa = PBXBuildFile; fileRef = F09E15FF1369A24500242A3B /* main.m */; };
		F09E16031369A24500242A3B /* GreatNightOutAppDelegate.m in Sources */ = {isa = PBXBuildFile; fileRef = F09E16021369A24500242A3B /* GreatNightOutAppDelegate.m */; };
		F09E16061369A24500242A3B /* MainWindow.xib in Resources */ = {isa = PBXBuildFile; fileRef = F09E16041369A24500242A3B /* MainWindow.xib */; };
		F09E16091369A24500242A3B /* FirstViewController.m in Sources */ = {isa = PBXBuildFile; fileRef = F09E16081369A24500242A3B /* FirstViewController.m */; };
		F09E160C1369A24500242A3B /* SecondViewController.m in Sources */ = {isa = PBXBuildFile; fileRef = F09E160B1369A24500242A3B /* SecondViewController.m */; };
		F09E160F1369A24500242A3B /* FirstView.xib in Resources */ = {isa = PBXBuildFile; fileRef = F09E160D1369A24500242A3B /* FirstView.xib */; };
		F09E16121369A24500242A3B /* SecondView.xib in Resources */ = {isa = PBXBuildFile; fileRef = F09E16101369A24500242A3B /* SecondView.xib */; };
/* End PBXBuildFile section */

/* Begin PBXFileReference section */
		F09E15EE1369A24500242A3B /* GreatNightOut.app */ = {isa = PBXFileReference; explicitFileType = wrapper.application; includeInIndex = 0; path = GreatNightOut.app; sourceTree = BUILT_PRODUCTS_DIR; };
		F09E15F21369A24500242A3B /* UIKit.framework */ = {isa = PBXFileReference; lastKnownFileType = wrapper.framework; name = UIKit.framework; path = System/Library/Frameworks/UIKit.framework; sourceTree = SDKROOT; };
		F09E15F41369A24500242A3B /* Foundation.framework */ = {isa = PBXFileReference; lastKnownFileType = wrapper.framework; name = Foundation.framework; path = System/Library/Frameworks/Foundation.framework; sourceTree = SDKROOT; };
		F09E15F61369A24500242A3B /* CoreGraphics.framework */ = {isa = PBXFileReference; lastKnownFileType = wrapper.framework; name = CoreGraphics.framework; path = System/Library/Frameworks/CoreGraphics.framework; sourceTree = SDKROOT; };
		F09E15FA1369A24500242A3B /* GreatNightOut-Info.plist */ = {isa = PBXFileReference; path = "GreatNightOut-Info.plist"; sourceTree = "<group>"; };
		F09E15FC1369A24500242A3B /* en */ = {isa = PBXFileReference; lastKnownFileType = text.plist.strings; name = en; path = en.lproj/InfoPlist.strings; sourceTree = "<group>"; };
		F09E15FE1369A24500242A3B /* GreatNightOut-Prefix.pch */ = {isa = PBXFileReference; path = "GreatNightOut-Prefix.pch"; sourceTree = "<group>"; };
		F09E15FF1369A24500242A3B /* main.m */ = {isa = PBXFileReference; lastKnownFileType = sourcecode.c.objc; path = main.m; sourceTree = "<group>"; };
		F09E16011369A24500242A3B /* GreatNightOutAppDelegate.h */ = {isa = PBXFileReference; path = GreatNightOutAppDelegate.h; sourceTree = "<group>"; };
		F09E16021369A24500242A3B /* GreatNightOutAppDelegate.m */ = {isa = PBXFileReference; lastKnownFileType = sourcecode.c.objc; path = GreatNightOutAppDelegate.m; sourceTree = "<group>"; };
		F09E16051369A24500242A3B /* en */ = {isa = PBXFileReference; lastKnownFileType = file.xib; name = en; path = en.lproj/MainWindow.xib; sourceTree = "<group>"; };
		F09E16071369A24500242A3B /* FirstViewController.h */ = {isa = PBXFileReference; path = FirstViewController.h; sourceTree = "<group>"; };
		F09E16081369A24500242A3B /* FirstViewController.m */ = {isa = PBXFileReference; lastKnownFileType = sourcecode.c.objc; path = FirstViewController.m; sourceTree = "<group>"; };
		F09E160A1369A24500242A3B /* SecondViewController.h */ = {isa = PBXFileReference; path = SecondViewController.h; sourceTree = "<group>"; };
		F09E160B1369A24500242A3B /* SecondViewController.m */ = {isa = PBXFileReference; lastKnownFileType = sourcecode.c.objc; path = SecondViewController.m; sourceTree = "<group>"; };
		F09E160E1369A24500242A3B /* en */ = {isa = PBXFileReference; lastKnownFileType = file.xib; name = en; path = en.lproj/FirstView.xib; sourceTree = "<group>"; };
		F09E16111369A24500242A3B /* en */ = {isa = PBXFileReference; lastKnownFileType = file.xib; name = en; path = en.lproj/SecondView.xib; sourceTree = "<group>"; };
/* End PBXFileReference section */

/* Begin PBXFrameworksBuildPhase section */
		F09E15EB1369A24500242A3B /* Frameworks */ = {
			isa = PBXFrameworksBuildPhase;
			buildActionMask = 2147483647;
			files = (
				F09E15F31369A24500242A3B /* UIKit.framework in Frameworks */,
				F09E15F51369A24500242A3B /* Foundation.framework in Frameworks */,
				F09E15F71369A24500242A3B /* CoreGraphics.framework in Frameworks */,
			);
			runOnlyForDeploymentPostprocessing = 0;
		};
/* End PBXFrameworksBuildPhase section */

/* Begin PBXGroup section */
		F09E15E31369A24500242A3B = {
			isa = PBXGroup;
			children = (
				F09E15F81369A24500242A3B /* GreatNightOut */,
				F09E15F11369A24500242A3B /* Frameworks */,
				F09E15EF1369A24500242A3B /* Products */,
			);
			sourceTree = "<group>";
		};
		F09E15EF1369A24500242A3B /* Products */ = {
			isa = PBXGroup;
			children = (
				F09E15EE1369A24500242A3B /* GreatNightOut.app */,
			);
			name = Products;
			sourceTree = "<group>";
		};
		F09E15F11369A24500242A3B /* Frameworks */ = {
			isa = PBXGroup;
			children = (
				F09E15F21369A24500242A3B /* UIKit.framework */,
				F09E15F41369A24500242A3B /* Foundation.framework */,
				F09E15F61369A24500242A3B /* CoreGraphics.framework */,
			);
			name = Frameworks;
			sourceTree = "<group>";
		};
		F09E15F81369A24500242A3B /* GreatNightOut */ = {
			isa = PBXGroup;
			children = (
				F09E16011369A24500242A3B /* GreatNightOutAppDelegate.h */,
				F09E16021369A24500242A3B /* GreatNightOutAppDelegate.m */,
				F09E16041369A24500242A3B /* MainWindow.xib */,
				F09E16071369A24500242A3B /* FirstViewController.h */,
				F09E16081369A24500242A3B /* FirstViewController.m */,
				F09E160A1369A24500242A3B /* SecondViewController.h */,
				F09E160B1369A24500242A3B /* SecondViewController.m */,
				F09E160D1369A24500242A3B /* FirstView.xib */,
				F09E16101369A24500242A3B /* SecondView.xib */,
				F09E15F91369A24500242A3B /* Supporting Files */,
			);
			path = GreatNightOut;
			sourceTree = "<group>";
		};
		F09E15F91369A24500242A3B /* Supporting Files */ = {
			isa = PBXGroup;
			children = (
				F09E15FA1369A24500242A3B /* GreatNightOut-Info.plist */,
				F09E15FB1369A24500242A3B /* InfoPlist.strings */,
				F09E15FE1369A24500242A3B /* GreatNightOut-Prefix.pch */,
				F09E15FF1369A24500242A3B /* main.m */,
			);
			name = "Supporting Files";
			sourceTree = "<group>";
		};
/* End PBXGroup section */

/* Begin PBXNativeTarget section */
		F09E15ED1369A24500242A3B /* GreatNightOut */ = {
			isa = PBXNativeTarget;
			buildConfigurationList = F09E16151369A24500242A3B /* Build configuration list for PBXNativeTarget "GreatNightOut" */;
			buildPhases = (
				F09E15EA1369A24500242A3B /* Sources */,
				F09E15EB1369A24500242A3B /* Frameworks */,
				F09E15EC1369A24500242A3B /* Resources */,
			);
			buildRules = (
			);
			dependencies = (
			);
			name = GreatNightOut;
			productName = GreatNightOut;
			productReference = F09E15EE1369A24500242A3B /* GreatNightOut.app */;
			productType = "com.apple.product-type.application";
		};
/* End PBXNativeTarget section */

/* Begin PBXProject section */
		F09E15E51369A24500242A3B /* Project object */ = {
			isa = PBXProject;
			buildConfigurationList = F09E15E81369A24500242A3B /* Build configuration list for PBXProject "GreatNightOut" */;
			compatibilityVersion = "Xcode 3.2";
			developmentRegion = English;
			hasScannedForEncodings = 0;
			knownRegions = (
				en,
			);
			mainGroup = F09E15E31369A24500242A3B;
			productRefGroup = F09E15EF1369A24500242A3B /* Products */;
			projectDirPath = "";
			projectRoot = "";
			targets = (
				F09E15ED1369A24500242A3B /* GreatNightOut */,
			);
		};
/* End PBXProject section */

/* Begin PBXResourcesBuildPhase section */
		F09E15EC1369A24500242A3B /* Resources */ = {
			isa = PBXResourcesBuildPhase;
			buildActionMask = 2147483647;
			files = (
				F09E15FD1369A24500242A3B /* InfoPlist.strings in Resources */,
				F09E16061369A24500242A3B /* MainWindow.xib in Resources */,
				F09E160F1369A24500242A3B /* FirstView.xib in Resources */,
				F09E16121369A24500242A3B /* SecondView.xib in Resources */,
			);
			runOnlyForDeploymentPostprocessing = 0;
		};
/* End PBXResourcesBuildPhase section */

/* Begin PBXSourcesBuildPhase section */
		F09E15EA1369A24500242A3B /* Sources */ = {
			isa = PBXSourcesBuildPhase;
			buildActionMask = 2147483647;
			files = (
				F09E16001369A24500242A3B /* main.m in Sources */,
				F09E16031369A24500242A3B /* GreatNightOutAppDelegate.m in Sources */,
				F09E16091369A24500242A3B /* FirstViewController.m in Sources */,
				F09E160C1369A24500242A3B /* SecondViewController.m in Sources */,
			);
			runOnlyForDeploymentPostprocessing = 0;
		};
/* End PBXSourcesBuildPhase section */

/* Begin PBXVariantGroup section */
		F09E15FB1369A24500242A3B /* InfoPlist.strings */ = {
			isa = PBXVariantGroup;
			children = (
				F09E15FC1369A24500242A3B /* en */,
			);
			name = InfoPlist.strings;
			sourceTree = "<group>";
		};
		F09E16041369A24500242A3B /* MainWindow.xib */ = {
			isa = PBXVariantGroup;
			children = (
				F09E16051369A24500242A3B /* en */,
			);
			name = MainWindow.xib;
			sourceTree = "<group>";
		};
		F09E160D1369A24500242A3B /* FirstView.xib */ = {
			isa = PBXVariantGroup;
			children = (
				F09E160E1369A24500242A3B /* en */,
			);
			name = FirstView.xib;
			sourceTree = "<group>";
		};
		F09E16101369A24500242A3B /* SecondView.xib */ = {
			isa = PBXVariantGroup;
			children = (
				F09E16111369A24500242A3B /* en */,
			);
			name = SecondView.xib;
			sourceTree = "<group>";
		};
/* End PBXVariantGroup section */

/* Begin XCBuildConfiguration section */
		F09E16131369A24500242A3B /* Debug */ = {
			isa = XCBuildConfiguration;
			buildSettings = {
				ARCHS = "$(ARCHS_STANDARD_32_BIT)";
				"CODE_SIGN_IDENTITY[sdk=iphoneos*]" = "iPhone Developer";
				GCC_C_LANGUAGE_STANDARD = gnu99;
				GCC_OPTIMIZATION_LEVEL = 0;
				GCC_PREPROCESSOR_DEFINITIONS = DEBUG;
				GCC_SYMBOLS_PRIVATE_EXTERN = NO;
				GCC_VERSION = com.apple.compilers.llvmgcc42;
				GCC_WARN_ABOUT_RETURN_TYPE = YES;
				GCC_WARN_UNUSED_VARIABLE = YES;
				IPHONEOS_DEPLOYMENT_TARGET = 4.3;
				SDKROOT = iphoneos;
			};
			name = Debug;
		};
		F09E16141369A24500242A3B /* Release */ = {
			isa = XCBuildConfiguration;
			buildSettings = {
				ARCHS = "$(ARCHS_STANDARD_32_BIT)";
				"CODE_SIGN_IDENTITY[sdk=iphoneos*]" = "iPhone Developer";
				GCC_C_LANGUAGE_STANDARD = gnu99;
				GCC_VERSION = com.apple.compilers.llvmgcc42;
				GCC_WARN_ABOUT_RETURN_TYPE = YES;
				GCC_WARN_UNUSED_VARIABLE = YES;
				IPHONEOS_DEPLOYMENT_TARGET = 4.3;
				OTHER_CFLAGS = "-DNS_BLOCK_ASSERTIONS=1";
				SDKROOT = iphoneos;
			};
			name = Release;
		};
		F09E16161369A24500242A3B /* Debug */ = {
			isa = XCBuildConfiguration;
			buildSettings = {
				ALWAYS_SEARCH_USER_PATHS = NO;
				COPY_PHASE_STRIP = NO;
				GCC_DYNAMIC_NO_PIC = NO;
				GCC_PRECOMPILE_PREFIX_HEADER = YES;
				GCC_PREFIX_HEADER = "GreatNightOut/GreatNightOut-Prefix.pch";
				INFOPLIST_FILE = "GreatNightOut/GreatNightOut-Info.plist";
				PRODUCT_NAME = "$(TARGET_NAME)";
				WRAPPER_EXTENSION = app;
			};
			name = Debug;
		};
		F09E16171369A24500242A3B /* Release */ = {
			isa = XCBuildConfiguration;
			buildSettings = {
				ALWAYS_SEARCH_USER_PATHS = NO;
				COPY_PHASE_STRIP = YES;
				GCC_PRECOMPILE_PREFIX_HEADER = YES;
				GCC_PREFIX_HEADER = "GreatNightOut/GreatNightOut-Prefix.pch";
				INFOPLIST_FILE = "GreatNightOut/GreatNightOut-Info.plist";
				PRODUCT_NAME = "$(TARGET_NAME)";
				VALIDATE_PRODUCT = YES;
				WRAPPER_EXTENSION = app;
			};
			name = Release;
		};
/* End XCBuildConfiguration section */

/* Begin XCConfigurationList section */
		F09E15E81369A24500242A3B /* Build configuration list for PBXProject "GreatNightOut" */ = {
			isa = XCConfigurationList;
			buildConfigurations = (
				F09E16131369A24500242A3B /* Debug */,
				F09E16141369A24500242A3B /* Release */,
			);
			defaultConfigurationIsVisible = 0;
			defaultConfigurationName = Release;
		};
		F09E16151369A24500242A3B /* Build configuration list for PBXNativeTarget "GreatNightOut" */ = {
			isa = XCConfigurationList;
			buildConfigurations = (
				F09E16161369A24500242A3B /* Debug */,
				F09E16171369A24500242A3B /* Release */,
			);
			defaultConfigurationIsVisible = 0;
		};
/* End XCConfigurationList section */
	};
	rootObject = F09E15E51369A24500242A3B /* Project object */;
}
